
Microsoft Visual Studio Solution File, Format Version 12.00
# Visual Studio Version 16
VisualStudioVersion = 16.0.31205.134
MinimumVisualStudioVersion = 10.0.40219.1
Project("{8BC9CEB8-8B4A-11D0-8D11-00A0C91BC942}") = "suffix_array", "suffix_array\suffix_array.vcxproj", "{3DD37454-A1A3-487F-B9F1-7985A51CB629}"
EndProject
Global
	GlobalSection(SolutionConfigurationPlatforms) = preSolution
		Debug|x64 = Debug|x64
		Debug|x86 = Debug|x86
		Release|x64 = Release|x64
		Release|x86 = Release|x86
	EndGlobalSection
	GlobalSection(ProjectConfigurationPlatforms) = postSolution
		{3DD37454-A1A3-487F-B9F1-7985A51CB629}.Debug|x64.ActiveCfg = Debug|x64
		{3DD37454-A1A3-487F-B9F1-7985A51CB629}.Debug|x64.Build.0 = Debug|x64
		{3DD37454-A1A3-487F-B9F1-7985A51CB629}.Debug|x86.ActiveCfg = Debug|Win32
		{3DD37454-A1A3-487F-B9F1-7985A51CB629}.Debug|x86.Build.0 = Debug|Win32
		{3DD37454-A1A3-487F-B9F1-7985A51CB629}.Release|x64.ActiveCfg = Release|x64
		{3DD37454-A1A3-487F-B9F1-7985A51CB629}.Release|x64.Build.0 = Release|x64
		{3DD37454-A1A3-487F-B9F1-7985A51CB629}.Release|x86.ActiveCfg = Release|Win32
		{3DD37454-A1A3-487F-B9F1-7985A51CB629}.Release|x86.Build.0 = Release|Win32
	EndGlobalSection
	GlobalSection(SolutionProperties) = preSolution
		HideSolutionNode = FALSE
	EndGlobalSection
	GlobalSection(ExtensibilityGlobals) = postSolution
		SolutionGuid = {1B67B85C-E6B0-4EB2-8170-2D38D3957BE6}
	EndGlobalSection
EndGlobal
